// !$*UTF8*$!
{
	archiveVersion = 1;
	classes = {
	};
	objectVersion = 50;
	objects = {

/* Begin PBXBuildFile section */
		183E048D23A73438002F11C0 /* FatherFactory.m in Sources */ = {isa = PBXBuildFile; fileRef = 183E048C23A73438002F11C0 /* FatherFactory.m */; };
		183E049023A7345B002F11C0 /* BannerFactory.m in Sources */ = {isa = PBXBuildFile; fileRef = 183E048F23A7345B002F11C0 /* BannerFactory.m */; };
		183E049323A73474002F11C0 /* AppleFactory.m in Sources */ = {isa = PBXBuildFile; fileRef = 183E049223A73474002F11C0 /* AppleFactory.m */; };
		183E049623A739E6002F11C0 /* FatherFactoryTableViewCell.m in Sources */ = {isa = PBXBuildFile; fileRef = 183E049523A739E6002F11C0 /* FatherFactoryTableViewCell.m */; };
		183E049F23A73B7A002F11C0 /* BannerFactoryCell.m in Sources */ = {isa = PBXBuildFile; fileRef = 183E049E23A73B7A002F11C0 /* BannerFactoryCell.m */; };
		183E04A223A73B86002F11C0 /* AppleFactoryCell.m in Sources */ = {isa = PBXBuildFile; fileRef = 183E04A123A73B86002F11C0 /* AppleFactoryCell.m */; };
		183E04A523A73C1E002F11C0 /* FactoryViewController.m in Sources */ = {isa = PBXBuildFile; fileRef = 183E04A423A73C1E002F11C0 /* FactoryViewController.m */; };
		18C9CA99239A3C5600A09BA4 /* Main.storyboard in Resources */ = {isa = PBXBuildFile; fileRef = 18C9CA97239A3C5600A09BA4 /* Main.storyboard */; };
		18C9CA9E239A3C5800A09BA4 /* LaunchScreen.storyboard in Resources */ = {isa = PBXBuildFile; fileRef = 18C9CA9C239A3C5800A09BA4 /* LaunchScreen.storyboard */; };
		18C9CACA239A3D1D00A09BA4 /* Assets.xcassets in Resources */ = {isa = PBXBuildFile; fileRef = 18C9CAC7239A3D1D00A09BA4 /* Assets.xcassets */; };
		18C9CACB239A3D1D00A09BA4 /* AppDelegate.m in Sources */ = {isa = PBXBuildFile; fileRef = 18C9CAC8239A3D1D00A09BA4 /* AppDelegate.m */; };
		18C9CACD239A3EC700A09BA4 /* Info.plist in Resources */ = {isa = PBXBuildFile; fileRef = 18C9CAC9239A3D1D00A09BA4 /* Info.plist */; };
		18C9CAD1239A403F00A09BA4 /* ViewController.m in Sources */ = {isa = PBXBuildFile; fileRef = 18C9CACF239A403F00A09BA4 /* ViewController.m */; };
		18C9CAD2239A403F00A09BA4 /* main.m in Sources */ = {isa = PBXBuildFile; fileRef = 18C9CAD0239A403F00A09BA4 /* main.m */; };
		18C9CADF239F82D200A09BA4 /* HikTelescopicTableHeadTool.m in Sources */ = {isa = PBXBuildFile; fileRef = 18C9CADE239F82D200A09BA4 /* HikTelescopicTableHeadTool.m */; };
		18C9CAE323A0BAB100A09BA4 /* HikVideoEditTool.m in Sources */ = {isa = PBXBuildFile; fileRef = 18C9CAE223A0BAB100A09BA4 /* HikVideoEditTool.m */; };
		A76493BA224C1CC869BE9C55 /* libPods-AWKitProduct.a in Frameworks */ = {isa = PBXBuildFile; fileRef = EB7A9C74F8D1323D5D7BB57C /* libPods-AWKitProduct.a */; };
/* End PBXBuildFile section */

/* Begin PBXFileReference section */
		08198A4089478112F67394C0 /* Pods-AWKitProduct.debug.xcconfig */ = {isa = PBXFileReference; includeInIndex = 1; lastKnownFileType = text.xcconfig; name = "Pods-AWKitProduct.debug.xcconfig"; path = "Target Support Files/Pods-AWKitProduct/Pods-AWKitProduct.debug.xcconfig"; sourceTree = "<group>"; };
		183E048B23A73438002F11C0 /* FatherFactory.h */ = {isa = PBXFileReference; lastKnownFileType = sourcecode.c.h; path = FatherFactory.h; sourceTree = "<group>"; };
		183E048C23A73438002F11C0 /* FatherFactory.m */ = {isa = PBXFileReference; lastKnownFileType = sourcecode.c.objc; path = FatherFactory.m; sourceTree = "<group>"; };
		183E048E23A7345B002F11C0 /* BannerFactory.h */ = {isa = PBXFileReference; lastKnownFileType = sourcecode.c.h; path = BannerFactory.h; sourceTree = "<group>"; };
		183E048F23A7345B002F11C0 /* BannerFactory.m */ = {isa = PBXFileReference; lastKnownFileType = sourcecode.c.objc; path = BannerFactory.m; sourceTree = "<group>"; };
		183E049123A73474002F11C0 /* AppleFactory.h */ = {isa = PBXFileReference; lastKnownFileType = sourcecode.c.h; path = AppleFactory.h; sourceTree = "<group>"; };
		183E049223A73474002F11C0 /* AppleFactory.m */ = {isa = PBXFileReference; lastKnownFileType = sourcecode.c.objc; path = AppleFactory.m; sourceTree = "<group>"; };
		183E049423A739E6002F11C0 /* FatherFactoryTableViewCell.h */ = {isa = PBXFileReference; lastKnownFileType = sourcecode.c.h; path = FatherFactoryTableViewCell.h; sourceTree = "<group>"; };
		183E049523A739E6002F11C0 /* FatherFactoryTableViewCell.m */ = {isa = PBXFileReference; lastKnownFileType = sourcecode.c.objc; path = FatherFactoryTableViewCell.m; sourceTree = "<group>"; };
		183E049D23A73B7A002F11C0 /* BannerFactoryCell.h */ = {isa = PBXFileReference; lastKnownFileType = sourcecode.c.h; path = BannerFactoryCell.h; sourceTree = "<group>"; };
		183E049E23A73B7A002F11C0 /* BannerFactoryCell.m */ = {isa = PBXFileReference; lastKnownFileType = sourcecode.c.objc; path = BannerFactoryCell.m; sourceTree = "<group>"; };
		183E04A023A73B86002F11C0 /* AppleFactoryCell.h */ = {isa = PBXFileReference; lastKnownFileType = sourcecode.c.h; path = AppleFactoryCell.h; sourceTree = "<group>"; };
		183E04A123A73B86002F11C0 /* AppleFactoryCell.m */ = {isa = PBXFileReference; lastKnownFileType = sourcecode.c.objc; path = AppleFactoryCell.m; sourceTree = "<group>"; };
		183E04A323A73C1E002F11C0 /* FactoryViewController.h */ = {isa = PBXFileReference; lastKnownFileType = sourcecode.c.h; path = FactoryViewController.h; sourceTree = "<group>"; };
		183E04A423A73C1E002F11C0 /* FactoryViewController.m */ = {isa = PBXFileReference; lastKnownFileType = sourcecode.c.objc; path = FactoryViewController.m; sourceTree = "<group>"; };
		18C9CA8B239A3C5600A09BA4 /* AWKitProduct.app */ = {isa = PBXFileReference; explicitFileType = wrapper.application; includeInIndex = 0; path = AWKitProduct.app; sourceTree = BUILT_PRODUCTS_DIR; };
		18C9CA98239A3C5600A09BA4 /* Base */ = {isa = PBXFileReference; lastKnownFileType = file.storyboard; name = Base; path = Base.lproj/Main.storyboard; sourceTree = "<group>"; };
		18C9CA9D239A3C5800A09BA4 /* Base */ = {isa = PBXFileReference; lastKnownFileType = file.storyboard; name = Base; path = Base.lproj/LaunchScreen.storyboard; sourceTree = "<group>"; };
		18C9CAC6239A3D1D00A09BA4 /* AppDelegate.h */ = {isa = PBXFileReference; fileEncoding = 4; lastKnownFileType = sourcecode.c.h; path = AppDelegate.h; sourceTree = "<group>"; };
		18C9CAC7239A3D1D00A09BA4 /* Assets.xcassets */ = {isa = PBXFileReference; lastKnownFileType = folder.assetcatalog; path = Assets.xcassets; sourceTree = "<group>"; };
		18C9CAC8239A3D1D00A09BA4 /* AppDelegate.m */ = {isa = PBXFileReference; fileEncoding = 4; lastKnownFileType = sourcecode.c.objc; path = AppDelegate.m; sourceTree = "<group>"; };
		18C9CAC9239A3D1D00A09BA4 /* Info.plist */ = {isa = PBXFileReference; fileEncoding = 4; lastKnownFileType = text.plist.xml; path = Info.plist; sourceTree = "<group>"; };
		18C9CACE239A403F00A09BA4 /* ViewController.h */ = {isa = PBXFileReference; fileEncoding = 4; lastKnownFileType = sourcecode.c.h; path = ViewController.h; sourceTree = "<group>"; };
		18C9CACF239A403F00A09BA4 /* ViewController.m */ = {isa = PBXFileReference; fileEncoding = 4; lastKnownFileType = sourcecode.c.objc; path = ViewController.m; sourceTree = "<group>"; };
		18C9CAD0239A403F00A09BA4 /* main.m */ = {isa = PBXFileReference; fileEncoding = 4; lastKnownFileType = sourcecode.c.objc; path = main.m; sourceTree = "<group>"; };
		18C9CADD239F82D200A09BA4 /* HikTelescopicTableHeadTool.h */ = {isa = PBXFileReference; fileEncoding = 4; lastKnownFileType = sourcecode.c.h; path = HikTelescopicTableHeadTool.h; sourceTree = "<group>"; };
		18C9CADE239F82D200A09BA4 /* HikTelescopicTableHeadTool.m */ = {isa = PBXFileReference; fileEncoding = 4; lastKnownFileType = sourcecode.c.objc; path = HikTelescopicTableHeadTool.m; sourceTree = "<group>"; };
		18C9CAE123A0BAB100A09BA4 /* HikVideoEditTool.h */ = {isa = PBXFileReference; lastKnownFileType = sourcecode.c.h; path = HikVideoEditTool.h; sourceTree = "<group>"; };
		18C9CAE223A0BAB100A09BA4 /* HikVideoEditTool.m */ = {isa = PBXFileReference; lastKnownFileType = sourcecode.c.objc; path = HikVideoEditTool.m; sourceTree = "<group>"; };
		B041A30E0077E9393A69736D /* Pods-AWKitProduct.release.xcconfig */ = {isa = PBXFileReference; includeInIndex = 1; lastKnownFileType = text.xcconfig; name = "Pods-AWKitProduct.release.xcconfig"; path = "Target Support Files/Pods-AWKitProduct/Pods-AWKitProduct.release.xcconfig"; sourceTree = "<group>"; };
		EB7A9C74F8D1323D5D7BB57C /* libPods-AWKitProduct.a */ = {isa = PBXFileReference; explicitFileType = archive.ar; includeInIndex = 0; path = "libPods-AWKitProduct.a"; sourceTree = BUILT_PRODUCTS_DIR; };
/* End PBXFileReference section */

/* Begin PBXFrameworksBuildPhase section */
		18C9CA88239A3C5600A09BA4 /* Frameworks */ = {
			isa = PBXFrameworksBuildPhase;
			buildActionMask = 2147483647;
			files = (
				A76493BA224C1CC869BE9C55 /* libPods-AWKitProduct.a in Frameworks */,
			);
			runOnlyForDeploymentPostprocessing = 0;
		};
/* End PBXFrameworksBuildPhase section */

/* Begin PBXGroup section */
		183E048623A717BA002F11C0 /* MainClass */ = {
			isa = PBXGroup;
			children = (
				183E048A23A73403002F11C0 /* Factory */,
				183E048923A717E6002F11C0 /* Model */,
				183E048823A717D3002F11C0 /* View */,
				183E048723A717C4002F11C0 /* Controller */,
			);
			path = MainClass;
			sourceTree = "<group>";
		};
		183E048723A717C4002F11C0 /* Controller */ = {
			isa = PBXGroup;
			children = (
				183E04A323A73C1E002F11C0 /* FactoryViewController.h */,
				183E04A423A73C1E002F11C0 /* FactoryViewController.m */,
			);
			path = Controller;
			sourceTree = "<group>";
		};
		183E048823A717D3002F11C0 /* View */ = {
			isa = PBXGroup;
			children = (
				183E049423A739E6002F11C0 /* FatherFactoryTableViewCell.h */,
				183E049523A739E6002F11C0 /* FatherFactoryTableViewCell.m */,
				183E049D23A73B7A002F11C0 /* BannerFactoryCell.h */,
				183E049E23A73B7A002F11C0 /* BannerFactoryCell.m */,
				183E04A023A73B86002F11C0 /* AppleFactoryCell.h */,
				183E04A123A73B86002F11C0 /* AppleFactoryCell.m */,
			);
			path = View;
			sourceTree = "<group>";
		};
		183E048923A717E6002F11C0 /* Model */ = {
			isa = PBXGroup;
			children = (
			);
			path = Model;
			sourceTree = "<group>";
		};
		183E048A23A73403002F11C0 /* Factory */ = {
			isa = PBXGroup;
			children = (
				183E048B23A73438002F11C0 /* FatherFactory.h */,
				183E048C23A73438002F11C0 /* FatherFactory.m */,
				183E048E23A7345B002F11C0 /* BannerFactory.h */,
				183E048F23A7345B002F11C0 /* BannerFactory.m */,
				183E049123A73474002F11C0 /* AppleFactory.h */,
				183E049223A73474002F11C0 /* AppleFactory.m */,
			);
			path = Factory;
			sourceTree = "<group>";
		};
		18C9CA82239A3C5600A09BA4 = {
			isa = PBXGroup;
			children = (
				18C9CA8D239A3C5600A09BA4 /* AWKitProduct */,
				18C9CA8C239A3C5600A09BA4 /* Products */,
				517F261621D07B037A6116D5 /* Pods */,
				9AEB777203C0945096F68C27 /* Frameworks */,
			);
			sourceTree = "<group>";
		};
		18C9CA8C239A3C5600A09BA4 /* Products */ = {
			isa = PBXGroup;
			children = (
				18C9CA8B239A3C5600A09BA4 /* AWKitProduct.app */,
			);
			name = Products;
			sourceTree = "<group>";
		};
		18C9CA8D239A3C5600A09BA4 /* AWKitProduct */ = {
			isa = PBXGroup;
			children = (
				183E048623A717BA002F11C0 /* MainClass */,
				18C9CAD8239F6DC000A09BA4 /* CommentTool */,
				18C9CAC5239A3D1D00A09BA4 /* System */,
				18C9CA97239A3C5600A09BA4 /* Main.storyboard */,
				18C9CA9C239A3C5800A09BA4 /* LaunchScreen.storyboard */,
			);
			path = AWKitProduct;
			sourceTree = "<group>";
		};
		18C9CAC5239A3D1D00A09BA4 /* System */ = {
			isa = PBXGroup;
			children = (
				18C9CAD0239A403F00A09BA4 /* main.m */,
				18C9CACE239A403F00A09BA4 /* ViewController.h */,
				18C9CACF239A403F00A09BA4 /* ViewController.m */,
				18C9CAC6239A3D1D00A09BA4 /* AppDelegate.h */,
				18C9CAC8239A3D1D00A09BA4 /* AppDelegate.m */,
				18C9CAC7239A3D1D00A09BA4 /* Assets.xcassets */,
				18C9CAC9239A3D1D00A09BA4 /* Info.plist */,
			);
			path = System;
			sourceTree = "<group>";
		};
		18C9CAD8239F6DC000A09BA4 /* CommentTool */ = {
			isa = PBXGroup;
			children = (
				18C9CAE023A0BA9C00A09BA4 /* VideoEditTool */,
				18C9CAD9239F6DC000A09BA4 /* TelescopicTableTool */,
			);
			path = CommentTool;
			sourceTree = "<group>";
		};
		18C9CAD9239F6DC000A09BA4 /* TelescopicTableTool */ = {
			isa = PBXGroup;
			children = (
				18C9CADD239F82D200A09BA4 /* HikTelescopicTableHeadTool.h */,
				18C9CADE239F82D200A09BA4 /* HikTelescopicTableHeadTool.m */,
			);
			path = TelescopicTableTool;
			sourceTree = "<group>";
		};
		18C9CAE023A0BA9C00A09BA4 /* VideoEditTool */ = {
			isa = PBXGroup;
			children = (
				18C9CAE123A0BAB100A09BA4 /* HikVideoEditTool.h */,
				18C9CAE223A0BAB100A09BA4 /* HikVideoEditTool.m */,
			);
			path = VideoEditTool;
			sourceTree = "<group>";
		};
		517F261621D07B037A6116D5 /* Pods */ = {
			isa = PBXGroup;
			children = (
				08198A4089478112F67394C0 /* Pods-AWKitProduct.debug.xcconfig */,
				B041A30E0077E9393A69736D /* Pods-AWKitProduct.release.xcconfig */,
			);
			path = Pods;
			sourceTree = "<group>";
		};
		9AEB777203C0945096F68C27 /* Frameworks */ = {
			isa = PBXGroup;
			children = (
				EB7A9C74F8D1323D5D7BB57C /* libPods-AWKitProduct.a */,
			);
			name = Frameworks;
			sourceTree = "<group>";
		};
/* End PBXGroup section */

/* Begin PBXNativeTarget section */
		18C9CA8A239A3C5600A09BA4 /* AWKitProduct */ = {
			isa = PBXNativeTarget;
			buildConfigurationList = 18C9CABA239A3C5800A09BA4 /* Build configuration list for PBXNativeTarget "AWKitProduct" */;
			buildPhases = (
				171EEBF7AC1D1E233E2D3D79 /* [CP] Check Pods Manifest.lock */,
				18C9CA87239A3C5600A09BA4 /* Sources */,
				18C9CA88239A3C5600A09BA4 /* Frameworks */,
				18C9CA89239A3C5600A09BA4 /* Resources */,
			);
			buildRules = (
			);
			dependencies = (
			);
			name = AWKitProduct;
			productName = AWKitProduct;
			productReference = 18C9CA8B239A3C5600A09BA4 /* AWKitProduct.app */;
			productType = "com.apple.product-type.application";
		};
/* End PBXNativeTarget section */

/* Begin PBXProject section */
		18C9CA83239A3C5600A09BA4 /* Project object */ = {
			isa = PBXProject;
			attributes = {
				LastUpgradeCheck = 1120;
				ORGANIZATIONNAME = winnie;
				TargetAttributes = {
					18C9CA8A239A3C5600A09BA4 = {
						CreatedOnToolsVersion = 11.2.1;
					};
				};
			};
			buildConfigurationList = 18C9CA86239A3C5600A09BA4 /* Build configuration list for PBXProject "AWKitProduct" */;
			compatibilityVersion = "Xcode 9.3";
			developmentRegion = en;
			hasScannedForEncodings = 0;
			knownRegions = (
				en,
				Base,
			);
			mainGroup = 18C9CA82239A3C5600A09BA4;
			productRefGroup = 18C9CA8C239A3C5600A09BA4 /* Products */;
			projectDirPath = "";
			projectRoot = "";
			targets = (
				18C9CA8A239A3C5600A09BA4 /* AWKitProduct */,
			);
		};
/* End PBXProject section */

/* Begin PBXResourcesBuildPhase section */
		18C9CA89239A3C5600A09BA4 /* Resources */ = {
			isa = PBXResourcesBuildPhase;
			buildActionMask = 2147483647;
			files = (
				18C9CACD239A3EC700A09BA4 /* Info.plist in Resources */,
				18C9CA9E239A3C5800A09BA4 /* LaunchScreen.storyboard in Resources */,
				18C9CACA239A3D1D00A09BA4 /* Assets.xcassets in Resources */,
				18C9CA99239A3C5600A09BA4 /* Main.storyboard in Resources */,
			);
			runOnlyForDeploymentPostprocessing = 0;
		};
/* End PBXResourcesBuildPhase section */

/* Begin PBXShellScriptBuildPhase section */
		171EEBF7AC1D1E233E2D3D79 /* [CP] Check Pods Manifest.lock */ = {
			isa = PBXShellScriptBuildPhase;
			buildActionMask = 2147483647;
			files = (
			);
			inputFileListPaths = (
			);
			inputPaths = (
				"${PODS_PODFILE_DIR_PATH}/Podfile.lock",
				"${PODS_ROOT}/Manifest.lock",
			);
			name = "[CP] Check Pods Manifest.lock";
			outputFileListPaths = (
			);
			outputPaths = (
				"$(DERIVED_FILE_DIR)/Pods-AWKitProduct-checkManifestLockResult.txt",
			);
			runOnlyForDeploymentPostprocessing = 0;
			shellPath = /bin/sh;
			shellScript = "diff \"${PODS_PODFILE_DIR_PATH}/Podfile.lock\" \"${PODS_ROOT}/Manifest.lock\" > /dev/null\nif [ $? != 0 ] ; then\n    # print error to STDERR\n    echo \"error: The sandbox is not in sync with the Podfile.lock. Run 'pod install' or update your CocoaPods installation.\" >&2\n    exit 1\nfi\n# This output is used by Xcode 'outputs' to avoid re-running this script phase.\necho \"SUCCESS\" > \"${SCRIPT_OUTPUT_FILE_0}\"\n";
			showEnvVarsInLog = 0;
		};
/* End PBXShellScriptBuildPhase section */

/* Begin PBXSourcesBuildPhase section */
		18C9CA87239A3C5600A09BA4 /* Sources */ = {
			isa = PBXSourcesBuildPhase;
			buildActionMask = 2147483647;
			files = (
				183E048D23A73438002F11C0 /* FatherFactory.m in Sources */,
				183E04A523A73C1E002F11C0 /* FactoryViewController.m in Sources */,
				18C9CAD1239A403F00A09BA4 /* ViewController.m in Sources */,
				183E049023A7345B002F11C0 /* BannerFactory.m in Sources */,
				183E04A223A73B86002F11C0 /* AppleFactoryCell.m in Sources */,
				183E049323A73474002F11C0 /* AppleFactory.m in Sources */,
				183E049623A739E6002F11C0 /* FatherFactoryTableViewCell.m in Sources */,
				18C9CAE323A0BAB100A09BA4 /* HikVideoEditTool.m in Sources */,
				183E049F23A73B7A002F11C0 /* BannerFactoryCell.m in Sources */,
				18C9CAD2239A403F00A09BA4 /* main.m in Sources */,
				18C9CADF239F82D200A09BA4 /* HikTelescopicTableHeadTool.m in Sources */,
				18C9CACB239A3D1D00A09BA4 /* AppDelegate.m in Sources */,
			);
			runOnlyForDeploymentPostprocessing = 0;
		};
/* End PBXSourcesBuildPhase section */

/* Begin PBXVariantGroup section */
		18C9CA97239A3C5600A09BA4 /* Main.storyboard */ = {
			isa = PBXVariantGroup;
			children = (
				18C9CA98239A3C5600A09BA4 /* Base */,
			);
			name = Main.storyboard;
			sourceTree = "<group>";
		};
		18C9CA9C239A3C5800A09BA4 /* LaunchScreen.storyboard */ = {
			isa = PBXVariantGroup;
			children = (
				18C9CA9D239A3C5800A09BA4 /* Base */,
			);
			name = LaunchScreen.storyboard;
			sourceTree = "<group>";
		};
/* End PBXVariantGroup section */

/* Begin XCBuildConfiguration section */
		18C9CAB8239A3C5800A09BA4 /* Debug */ = {
			isa = XCBuildConfiguration;
			buildSettings = {
				ALWAYS_SEARCH_USER_PATHS = NO;
				CLANG_ANALYZER_NONNULL = YES;
				CLANG_ANALYZER_NUMBER_OBJECT_CONVERSION = YES_AGGRESSIVE;
				CLANG_CXX_LANGUAGE_STANDARD = "gnu++14";
				CLANG_CXX_LIBRARY = "libc++";
				CLANG_ENABLE_MODULES = YES;
				CLANG_ENABLE_OBJC_ARC = YES;
				CLANG_ENABLE_OBJC_WEAK = YES;
				CLANG_WARN_BLOCK_CAPTURE_AUTORELEASING = YES;
				CLANG_WARN_BOOL_CONVERSION = YES;
				CLANG_WARN_COMMA = YES;
				CLANG_WARN_CONSTANT_CONVERSION = YES;
				CLANG_WARN_DEPRECATED_OBJC_IMPLEMENTATIONS = YES;
				CLANG_WARN_DIRECT_OBJC_ISA_USAGE = YES_ERROR;
				CLANG_WARN_DOCUMENTATION_COMMENTS = YES;
				CLANG_WARN_EMPTY_BODY = YES;
				CLANG_WARN_ENUM_CONVERSION = YES;
				CLANG_WARN_INFINITE_RECURSION = YES;
				CLANG_WARN_INT_CONVERSION = YES;
				CLANG_WARN_NON_LITERAL_NULL_CONVERSION = YES;
				CLANG_WARN_OBJC_IMPLICIT_RETAIN_SELF = YES;
				CLANG_WARN_OBJC_LITERAL_CONVERSION = YES;
				CLANG_WARN_OBJC_ROOT_CLASS = YES_ERROR;
				CLANG_WARN_RANGE_LOOP_ANALYSIS = YES;
				CLANG_WARN_STRICT_PROTOTYPES = YES;
				CLANG_WARN_SUSPICIOUS_MOVE = YES;
				CLANG_WARN_UNGUARDED_AVAILABILITY = YES_AGGRESSIVE;
				CLANG_WARN_UNREACHABLE_CODE = YES;
				CLANG_WARN__DUPLICATE_METHOD_MATCH = YES;
				COPY_PHASE_STRIP = NO;
				DEBUG_INFORMATION_FORMAT = dwarf;
				ENABLE_STRICT_OBJC_MSGSEND = YES;
				ENABLE_TESTABILITY = YES;
				GCC_C_LANGUAGE_STANDARD = gnu11;
				GCC_DYNAMIC_NO_PIC = NO;
				GCC_NO_COMMON_BLOCKS = YES;
				GCC_OPTIMIZATION_LEVEL = 0;
				GCC_PREPROCESSOR_DEFINITIONS = (
					"DEBUG=1",
					"$(inherited)",
				);
				GCC_WARN_64_TO_32_BIT_CONVERSION = YES;
				GCC_WARN_ABOUT_RETURN_TYPE = YES_ERROR;
				GCC_WARN_UNDECLARED_SELECTOR = YES;
				GCC_WARN_UNINITIALIZED_AUTOS = YES_AGGRESSIVE;
				GCC_WARN_UNUSED_FUNCTION = YES;
				GCC_WARN_UNUSED_VARIABLE = YES;
				IPHONEOS_DEPLOYMENT_TARGET = 13.2;
				MTL_ENABLE_DEBUG_INFO = INCLUDE_SOURCE;
				MTL_FAST_MATH = YES;
				ONLY_ACTIVE_ARCH = YES;
				SDKROOT = iphoneos;
			};
			name = Debug;
		};
		18C9CAB9239A3C5800A09BA4 /* Release */ = {
			isa = XCBuildConfiguration;
			buildSettings = {
				ALWAYS_SEARCH_USER_PATHS = NO;
				CLANG_ANALYZER_NONNULL = YES;
				CLANG_ANALYZER_NUMBER_OBJECT_CONVERSION = YES_AGGRESSIVE;
				CLANG_CXX_LANGUAGE_STANDARD = "gnu++14";
				CLANG_CXX_LIBRARY = "libc++";
				CLANG_ENABLE_MODULES = YES;
				CLANG_ENABLE_OBJC_ARC = YES;
				CLANG_ENABLE_OBJC_WEAK = YES;
				CLANG_WARN_BLOCK_CAPTURE_AUTORELEASING = YES;
				CLANG_WARN_BOOL_CONVERSION = YES;
				CLANG_WARN_COMMA = YES;
				CLANG_WARN_CONSTANT_CONVERSION = YES;
				CLANG_WARN_DEPRECATED_OBJC_IMPLEMENTATIONS = YES;
				CLANG_WARN_DIRECT_OBJC_ISA_USAGE = YES_ERROR;
				CLANG_WARN_DOCUMENTATION_COMMENTS = YES;
				CLANG_WARN_EMPTY_BODY = YES;
				CLANG_WARN_ENUM_CONVERSION = YES;
				CLANG_WARN_INFINITE_RECURSION = YES;
				CLANG_WARN_INT_CONVERSION = YES;
				CLANG_WARN_NON_LITERAL_NULL_CONVERSION = YES;
				CLANG_WARN_OBJC_IMPLICIT_RETAIN_SELF = YES;
				CLANG_WARN_OBJC_LITERAL_CONVERSION = YES;
				CLANG_WARN_OBJC_ROOT_CLASS = YES_ERROR;
				CLANG_WARN_RANGE_LOOP_ANALYSIS = YES;
				CLANG_WARN_STRICT_PROTOTYPES = YES;
				CLANG_WARN_SUSPICIOUS_MOVE = YES;
				CLANG_WARN_UNGUARDED_AVAILABILITY = YES_AGGRESSIVE;
				CLANG_WARN_UNREACHABLE_CODE = YES;
				CLANG_WARN__DUPLICATE_METHOD_MATCH = YES;
				COPY_PHASE_STRIP = NO;
				DEBUG_INFORMATION_FORMAT = "dwarf-with-dsym";
				ENABLE_NS_ASSERTIONS = NO;
				ENABLE_STRICT_OBJC_MSGSEND = YES;
				GCC_C_LANGUAGE_STANDARD = gnu11;
				GCC_NO_COMMON_BLOCKS = YES;
				GCC_WARN_64_TO_32_BIT_CONVERSION = YES;
				GCC_WARN_ABOUT_RETURN_TYPE = YES_ERROR;
				GCC_WARN_UNDECLARED_SELECTOR = YES;
				GCC_WARN_UNINITIALIZED_AUTOS = YES_AGGRESSIVE;
				GCC_WARN_UNUSED_FUNCTION = YES;
				GCC_WARN_UNUSED_VARIABLE = YES;
				IPHONEOS_DEPLOYMENT_TARGET = 13.2;
				MTL_ENABLE_DEBUG_INFO = NO;
				MTL_FAST_MATH = YES;
				SDKROOT = iphoneos;
				VALIDATE_PRODUCT = YES;
			};
			name = Release;
		};
		18C9CABB239A3C5800A09BA4 /* Debug */ = {
			isa = XCBuildConfiguration;
			baseConfigurationReference = 08198A4089478112F67394C0 /* Pods-AWKitProduct.debug.xcconfig */;
			buildSettings = {
				ASSETCATALOG_COMPILER_APPICON_NAME = AppIcon;
				CODE_SIGN_STYLE = Automatic;
				INFOPLIST_FILE = /Users/apple/Documents/AWKit/AWKitProduct/AWKitProduct/System/Info.plist;
				LD_RUNPATH_SEARCH_PATHS = (
					"$(inherited)",
					"@executable_path/Frameworks",
				);
				PRODUCT_BUNDLE_IDENTIFIER = AlanWinnie.AWKitProduct;
				PRODUCT_NAME = "$(TARGET_NAME)";
				TARGETED_DEVICE_FAMILY = "1,2";
			};
			name = Debug;
		};
		18C9CABC239A3C5800A09BA4 /* Release */ = {
			isa = XCBuildConfiguration;
			baseConfigurationReference = B041A30E0077E9393A69736D /* Pods-AWKitProduct.release.xcconfig */;
			buildSettings = {
				ASSETCATALOG_COMPILER_APPICON_NAME = AppIcon;
				CODE_SIGN_STYLE = Automatic;
				INFOPLIST_FILE = /Users/apple/Documents/AWKit/AWKitProduct/AWKitProduct/System/Info.plist;
				LD_RUNPATH_SEARCH_PATHS = (
					"$(inherited)",
					"@executable_path/Frameworks",
				);
				PRODUCT_BUNDLE_IDENTIFIER = AlanWinnie.AWKitProduct;
				PRODUCT_NAME = "$(TARGET_NAME)";
				TARGETED_DEVICE_FAMILY = "1,2";
			};
			name = Release;
		};
/* End XCBuildConfiguration section */

/* Begin XCConfigurationList section */
		18C9CA86239A3C5600A09BA4 /* Build configuration list for PBXProject "AWKitProduct" */ = {
			isa = XCConfigurationList;
			buildConfigurations = (
				18C9CAB8239A3C5800A09BA4 /* Debug */,
				18C9CAB9239A3C5800A09BA4 /* Release */,
			);
			defaultConfigurationIsVisible = 0;
			defaultConfigurationName = Release;
		};
		18C9CABA239A3C5800A09BA4 /* Build configuration list for PBXNativeTarget "AWKitProduct" */ = {
			isa = XCConfigurationList;
			buildConfigurations = (
				18C9CABB239A3C5800A09BA4 /* Debug */,
				18C9CABC239A3C5800A09BA4 /* Release */,
			);
			defaultConfigurationIsVisible = 0;
			defaultConfigurationName = Release;
		};
/* End XCConfigurationList section */
	};
	rootObject = 18C9CA83239A3C5600A09BA4 /* Project object */;
}
